
Microsoft Visual Studio Solution File, Format Version 12.00
# Visual Studio Version 17
VisualStudioVersion = 17.9.34728.123
MinimumVisualStudioVersion = 10.0.40219.1
Project("{FAE04EC0-301F-11D3-BF4B-00C04F79EFBC}") = "API", "API\API.csproj", "{4B207364-44FC-4272-9343-DBDA4ACB0CA9}"
EndProject
Project("{FAE04EC0-301F-11D3-BF4B-00C04F79EFBC}") = "Data", "Data\Data.csproj", "{FF409650-23E4-4C91-A020-FE418A53FF7F}"
EndProject
Global
	GlobalSection(SolutionConfigurationPlatforms) = preSolution
		Debug|Any CPU = Debug|Any CPU
		Release|Any CPU = Release|Any CPU
	EndGlobalSection
	GlobalSection(ProjectConfigurationPlatforms) = postSolution
		{4B207364-44FC-4272-9343-DBDA4ACB0CA9}.Debug|Any CPU.ActiveCfg = Debug|Any CPU
		{4B207364-44FC-4272-9343-DBDA4ACB0CA9}.Debug|Any CPU.Build.0 = Debug|Any CPU
		{4B207364-44FC-4272-9343-DBDA4ACB0CA9}.Release|Any CPU.ActiveCfg = Release|Any CPU
		{4B207364-44FC-4272-9343-DBDA4ACB0CA9}.Release|Any CPU.Build.0 = Release|Any CPU
		{FF409650-23E4-4C91-A020-FE418A53FF7F}.Debug|Any CPU.ActiveCfg = Debug|Any CPU
		{FF409650-23E4-4C91-A020-FE418A53FF7F}.Debug|Any CPU.Build.0 = Debug|Any CPU
		{FF409650-23E4-4C91-A020-FE418A53FF7F}.Release|Any CPU.ActiveCfg = Release|Any CPU
		{FF409650-23E4-4C91-A020-FE418A53FF7F}.Release|Any CPU.Build.0 = Release|Any CPU
	EndGlobalSection
	GlobalSection(SolutionProperties) = preSolution
		HideSolutionNode = FALSE
	EndGlobalSection
	GlobalSection(ExtensibilityGlobals) = postSolution
		SolutionGuid = {AD8252FE-AC6F-4E9D-8ECB-75939FD3BB8D}
	EndGlobalSection
EndGlobal
